
Microsoft Visual Studio Solution File, Format Version 12.00
# Visual Studio Version 17
VisualStudioVersion = 17.1.32228.430
MinimumVisualStudioVersion = 10.0.40219.1
Project("{FAE04EC0-301F-11D3-BF4B-00C04F79EFBC}") = "StackAndQueues", "StackAndQueues.csproj", "{96FB26BF-87EC-4CAD-B68D-00CF2702795E}"
EndProject
Global
	GlobalSection(SolutionConfigurationPlatforms) = preSolution
		Debug|Any CPU = Debug|Any CPU
		Release|Any CPU = Release|Any CPU
	EndGlobalSection
	GlobalSection(ProjectConfigurationPlatforms) = postSolution
		{96FB26BF-87EC-4CAD-B68D-00CF2702795E}.Debug|Any CPU.ActiveCfg = Debug|Any CPU
		{96FB26BF-87EC-4CAD-B68D-00CF2702795E}.Debug|Any CPU.Build.0 = Debug|Any CPU
		{96FB26BF-87EC-4CAD-B68D-00CF2702795E}.Release|Any CPU.ActiveCfg = Release|Any CPU
		{96FB26BF-87EC-4CAD-B68D-00CF2702795E}.Release|Any CPU.Build.0 = Release|Any CPU
	EndGlobalSection
	GlobalSection(SolutionProperties) = preSolution
		HideSolutionNode = FALSE
	EndGlobalSection
	GlobalSection(ExtensibilityGlobals) = postSolution
		SolutionGuid = {23857A6F-772F-487E-ACF8-1C264AE0E773}
	EndGlobalSection
EndGlobal
